
Microsoft Visual Studio Solution File, Format Version 12.00
# Visual Studio 15
VisualStudioVersion = 15.0.28306.52
MinimumVisualStudioVersion = 10.0.40219.1
Project("{8BC9CEB8-8B4A-11D0-8D11-00A0C91BC942}") = "空白窗口", "空白窗口\空白窗口.vcxproj", "{281F4CBA-CD1E-42E7-B775-BD596FB1EB42}"
EndProject
Project("{8BC9CEB8-8B4A-11D0-8D11-00A0C91BC942}") = "cflw代码库cpp", "C:\cflw\OneDrive\文档\开发\cflw代码库\cflw代码库.vcxproj", "{AD010D5B-4048-48C8-9BE6-82484BEC32B1}"
EndProject
Project("{8BC9CEB8-8B4A-11D0-8D11-00A0C91BC942}") = "简单三角形", "简单三角形\简单三角形.vcxproj", "{58C3681C-B8E8-466A-A863-1323D1F6A1D5}"
EndProject
Project("{8BC9CEB8-8B4A-11D0-8D11-00A0C91BC942}") = "二维文本", "二维文本\二维文本.vcxproj", "{AF9509BF-ED03-4C2C-9605-502CDAF8854E}"
EndProject
Project("{8BC9CEB8-8B4A-11D0-8D11-00A0C91BC942}") = "纹理立方体", "纹理立方体\纹理立方体.vcxproj", "{4C479B2D-71A6-407C-B208-1FCFA8B56E43}"
EndProject
Project("{8BC9CEB8-8B4A-11D0-8D11-00A0C91BC942}") = "简单立方体", "简单立方体\简单立方体.vcxproj", "{009A529D-1AEF-4D3B-8EFD-8E8A08F6487B}"
EndProject
Project("{8BC9CEB8-8B4A-11D0-8D11-00A0C91BC942}") = "深度模板", "深度模板\深度模板.vcxproj", "{F67EA965-CA51-4721-A43F-D852968CB3AF}"
EndProject
Global
	GlobalSection(SolutionConfigurationPlatforms) = preSolution
		Debug|x64 = Debug|x64
		Debug|x86 = Debug|x86
		Release|x64 = Release|x64
		Release|x86 = Release|x86
	EndGlobalSection
	GlobalSection(ProjectConfigurationPlatforms) = postSolution
		{281F4CBA-CD1E-42E7-B775-BD596FB1EB42}.Debug|x64.ActiveCfg = Debug|x64
		{281F4CBA-CD1E-42E7-B775-BD596FB1EB42}.Debug|x64.Build.0 = Debug|x64
		{281F4CBA-CD1E-42E7-B775-BD596FB1EB42}.Debug|x86.ActiveCfg = Debug|Win32
		{281F4CBA-CD1E-42E7-B775-BD596FB1EB42}.Debug|x86.Build.0 = Debug|Win32
		{281F4CBA-CD1E-42E7-B775-BD596FB1EB42}.Release|x64.ActiveCfg = Release|x64
		{281F4CBA-CD1E-42E7-B775-BD596FB1EB42}.Release|x64.Build.0 = Release|x64
		{281F4CBA-CD1E-42E7-B775-BD596FB1EB42}.Release|x86.ActiveCfg = Release|Win32
		{281F4CBA-CD1E-42E7-B775-BD596FB1EB42}.Release|x86.Build.0 = Release|Win32
		{AD010D5B-4048-48C8-9BE6-82484BEC32B1}.Debug|x64.ActiveCfg = Debug|x64
		{AD010D5B-4048-48C8-9BE6-82484BEC32B1}.Debug|x64.Build.0 = Debug|x64
		{AD010D5B-4048-48C8-9BE6-82484BEC32B1}.Debug|x86.ActiveCfg = Debug|Win32
		{AD010D5B-4048-48C8-9BE6-82484BEC32B1}.Debug|x86.Build.0 = Debug|Win32
		{AD010D5B-4048-48C8-9BE6-82484BEC32B1}.Release|x64.ActiveCfg = Release|x64
		{AD010D5B-4048-48C8-9BE6-82484BEC32B1}.Release|x64.Build.0 = Release|x64
		{AD010D5B-4048-48C8-9BE6-82484BEC32B1}.Release|x86.ActiveCfg = Release|Win32
		{AD010D5B-4048-48C8-9BE6-82484BEC32B1}.Release|x86.Build.0 = Release|Win32
		{58C3681C-B8E8-466A-A863-1323D1F6A1D5}.Debug|x64.ActiveCfg = Debug|x64
		{58C3681C-B8E8-466A-A863-1323D1F6A1D5}.Debug|x64.Build.0 = Debug|x64
		{58C3681C-B8E8-466A-A863-1323D1F6A1D5}.Debug|x86.ActiveCfg = Debug|Win32
		{58C3681C-B8E8-466A-A863-1323D1F6A1D5}.Debug|x86.Build.0 = Debug|Win32
		{58C3681C-B8E8-466A-A863-1323D1F6A1D5}.Release|x64.ActiveCfg = Release|x64
		{58C3681C-B8E8-466A-A863-1323D1F6A1D5}.Release|x64.Build.0 = Release|x64
		{58C3681C-B8E8-466A-A863-1323D1F6A1D5}.Release|x86.ActiveCfg = Release|Win32
		{58C3681C-B8E8-466A-A863-1323D1F6A1D5}.Release|x86.Build.0 = Release|Win32
		{AF9509BF-ED03-4C2C-9605-502CDAF8854E}.Debug|x64.ActiveCfg = Debug|x64
		{AF9509BF-ED03-4C2C-9605-502CDAF8854E}.Debug|x64.Build.0 = Debug|x64
		{AF9509BF-ED03-4C2C-9605-502CDAF8854E}.Debug|x86.ActiveCfg = Debug|Win32
		{AF9509BF-ED03-4C2C-9605-502CDAF8854E}.Debug|x86.Build.0 = Debug|Win32
		{AF9509BF-ED03-4C2C-9605-502CDAF8854E}.Release|x64.ActiveCfg = Release|x64
		{AF9509BF-ED03-4C2C-9605-502CDAF8854E}.Release|x64.Build.0 = Release|x64
		{AF9509BF-ED03-4C2C-9605-502CDAF8854E}.Release|x86.ActiveCfg = Release|Win32
		{AF9509BF-ED03-4C2C-9605-502CDAF8854E}.Release|x86.Build.0 = Release|Win32
		{4C479B2D-71A6-407C-B208-1FCFA8B56E43}.Debug|x64.ActiveCfg = Debug|x64
		{4C479B2D-71A6-407C-B208-1FCFA8B56E43}.Debug|x64.Build.0 = Debug|x64
		{4C479B2D-71A6-407C-B208-1FCFA8B56E43}.Debug|x86.ActiveCfg = Debug|Win32
		{4C479B2D-71A6-407C-B208-1FCFA8B56E43}.Debug|x86.Build.0 = Debug|Win32
		{4C479B2D-71A6-407C-B208-1FCFA8B56E43}.Release|x64.ActiveCfg = Release|x64
		{4C479B2D-71A6-407C-B208-1FCFA8B56E43}.Release|x64.Build.0 = Release|x64
		{4C479B2D-71A6-407C-B208-1FCFA8B56E43}.Release|x86.ActiveCfg = Release|Win32
		{4C479B2D-71A6-407C-B208-1FCFA8B56E43}.Release|x86.Build.0 = Release|Win32
		{009A529D-1AEF-4D3B-8EFD-8E8A08F6487B}.Debug|x64.ActiveCfg = Debug|x64
		{009A529D-1AEF-4D3B-8EFD-8E8A08F6487B}.Debug|x64.Build.0 = Debug|x64
		{009A529D-1AEF-4D3B-8EFD-8E8A08F6487B}.Debug|x86.ActiveCfg = Debug|Win32
		{009A529D-1AEF-4D3B-8EFD-8E8A08F6487B}.Debug|x86.Build.0 = Debug|Win32
		{009A529D-1AEF-4D3B-8EFD-8E8A08F6487B}.Release|x64.ActiveCfg = Release|x64
		{009A529D-1AEF-4D3B-8EFD-8E8A08F6487B}.Release|x64.Build.0 = Release|x64
		{009A529D-1AEF-4D3B-8EFD-8E8A08F6487B}.Release|x86.ActiveCfg = Release|Win32
		{009A529D-1AEF-4D3B-8EFD-8E8A08F6487B}.Release|x86.Build.0 = Release|Win32
		{F67EA965-CA51-4721-A43F-D852968CB3AF}.Debug|x64.ActiveCfg = Debug|x64
		{F67EA965-CA51-4721-A43F-D852968CB3AF}.Debug|x64.Build.0 = Debug|x64
		{F67EA965-CA51-4721-A43F-D852968CB3AF}.Debug|x86.ActiveCfg = Debug|Win32
		{F67EA965-CA51-4721-A43F-D852968CB3AF}.Debug|x86.Build.0 = Debug|Win32
		{F67EA965-CA51-4721-A43F-D852968CB3AF}.Release|x64.ActiveCfg = Release|x64
		{F67EA965-CA51-4721-A43F-D852968CB3AF}.Release|x64.Build.0 = Release|x64
		{F67EA965-CA51-4721-A43F-D852968CB3AF}.Release|x86.ActiveCfg = Release|Win32
		{F67EA965-CA51-4721-A43F-D852968CB3AF}.Release|x86.Build.0 = Release|Win32
	EndGlobalSection
	GlobalSection(SolutionProperties) = preSolution
		HideSolutionNode = FALSE
	EndGlobalSection
	GlobalSection(ExtensibilityGlobals) = postSolution
		SolutionGuid = {FA6163BB-74D7-41EA-9135-DFDF6506B975}
	EndGlobalSection
EndGlobal
